{
  "originHash" : "f8a0db239c6de4472428fbeb321c7ff5b436762d439ad53f723aadd3e23e5cb2",
  "pins" : [
    {
      "identity" : "stripe-ios",
      "kind" : "remoteSourceControl",
      "location" : "https://github.com/stripe/stripe-ios",
      "state" : {
        "revision" : "c6322333adbb2228840fb8770bb62de8efd85d64",
        "version" : "25.4.0"
      }
    }
  ],
  "version" : 3
}
